
Microsoft Visual Studio Solution File, Format Version 12.00
# Visual Studio Version 16
VisualStudioVersion = 16.0.29418.71
MinimumVisualStudioVersion = 10.0.40219.1
Project("{FAE04EC0-301F-11D3-BF4B-00C04F79EFBC}") = "RevisionOnSheets", "RevisionOnSheets\RevisionOnSheets.csproj", "{069849FD-F8D8-4D78-9D2F-A937D863F260}"
EndProject
Global
	GlobalSection(SolutionConfigurationPlatforms) = preSolution
		Debug|x64 = Debug|x64
		Release|x64 = Release|x64
	EndGlobalSection
	GlobalSection(ProjectConfigurationPlatforms) = postSolution
		{069849FD-F8D8-4D78-9D2F-A937D863F260}.Debug|x64.ActiveCfg = Debug|x64
		{069849FD-F8D8-4D78-9D2F-A937D863F260}.Debug|x64.Build.0 = Debug|x64
		{069849FD-F8D8-4D78-9D2F-A937D863F260}.Release|x64.ActiveCfg = Release|x64
		{069849FD-F8D8-4D78-9D2F-A937D863F260}.Release|x64.Build.0 = Release|x64
	EndGlobalSection
	GlobalSection(SolutionProperties) = preSolution
		HideSolutionNode = FALSE
	EndGlobalSection
	GlobalSection(ExtensibilityGlobals) = postSolution
		SolutionGuid = {CB393FE1-7C33-4E65-B291-8DAA114E3A3E}
	EndGlobalSection
EndGlobal
