
Microsoft Visual Studio Solution File, Format Version 12.00
# Visual Studio Version 16
VisualStudioVersion = 16.0.29418.71
MinimumVisualStudioVersion = 10.0.40219.1
Project("{FAE04EC0-301F-11D3-BF4B-00C04F79EFBC}") = "CreateSheetSet", "CreateSheetSet\CreateSheetSet.csproj", "{EF6E2C4E-6105-4C69-93C1-154FFAF12353}"
EndProject
Global
	GlobalSection(SolutionConfigurationPlatforms) = preSolution
		Debug|Any CPU = Debug|Any CPU
		Release|Any CPU = Release|Any CPU
	EndGlobalSection
	GlobalSection(ProjectConfigurationPlatforms) = postSolution
		{EF6E2C4E-6105-4C69-93C1-154FFAF12353}.Debug|Any CPU.ActiveCfg = Debug|Any CPU
		{EF6E2C4E-6105-4C69-93C1-154FFAF12353}.Debug|Any CPU.Build.0 = Debug|Any CPU
		{EF6E2C4E-6105-4C69-93C1-154FFAF12353}.Release|Any CPU.ActiveCfg = Release|Any CPU
		{EF6E2C4E-6105-4C69-93C1-154FFAF12353}.Release|Any CPU.Build.0 = Release|Any CPU
	EndGlobalSection
	GlobalSection(SolutionProperties) = preSolution
		HideSolutionNode = FALSE
	EndGlobalSection
	GlobalSection(ExtensibilityGlobals) = postSolution
		SolutionGuid = {8B93771E-747C-4B07-88AF-58E781B44FB3}
	EndGlobalSection
EndGlobal
