
Microsoft Visual Studio Solution File, Format Version 12.00
# Visual Studio Version 16
VisualStudioVersion = 16.0.29418.71
MinimumVisualStudioVersion = 10.0.40219.1
Project("{FAE04EC0-301F-11D3-BF4B-00C04F79EFBC}") = "About", "About\About.csproj", "{AFC49A3C-1B53-4AE9-BF4B-124CA508BF56}"
EndProject
Global
	GlobalSection(SolutionConfigurationPlatforms) = preSolution
		Debug|x64 = Debug|x64
		Release|x64 = Release|x64
	EndGlobalSection
	GlobalSection(ProjectConfigurationPlatforms) = postSolution
		{AFC49A3C-1B53-4AE9-BF4B-124CA508BF56}.Debug|x64.ActiveCfg = Debug|x64
		{AFC49A3C-1B53-4AE9-BF4B-124CA508BF56}.Debug|x64.Build.0 = Debug|x64
		{AFC49A3C-1B53-4AE9-BF4B-124CA508BF56}.Release|x64.ActiveCfg = Release|x64
		{AFC49A3C-1B53-4AE9-BF4B-124CA508BF56}.Release|x64.Build.0 = Release|x64
	EndGlobalSection
	GlobalSection(SolutionProperties) = preSolution
		HideSolutionNode = FALSE
	EndGlobalSection
	GlobalSection(ExtensibilityGlobals) = postSolution
		SolutionGuid = {1F739A13-B3C4-45AD-8543-AAC402853B08}
	EndGlobalSection
EndGlobal
