
Microsoft Visual Studio Solution File, Format Version 12.00
# Visual Studio Version 16
VisualStudioVersion = 16.0.29418.71
MinimumVisualStudioVersion = 10.0.40219.1
Project("{FAE04EC0-301F-11D3-BF4B-00C04F79EFBC}") = "ProjectParameters", "ProjectParameters\ProjectParameters.csproj", "{A683FDBE-D702-43A0-87BF-7FFE8221E3FF}"
EndProject
Global
	GlobalSection(SolutionConfigurationPlatforms) = preSolution
		Debug|Any CPU = Debug|Any CPU
		Debug|x64 = Debug|x64
		Release|Any CPU = Release|Any CPU
		Release|x64 = Release|x64
	EndGlobalSection
	GlobalSection(ProjectConfigurationPlatforms) = postSolution
		{A683FDBE-D702-43A0-87BF-7FFE8221E3FF}.Debug|Any CPU.ActiveCfg = Debug|Any CPU
		{A683FDBE-D702-43A0-87BF-7FFE8221E3FF}.Debug|Any CPU.Build.0 = Debug|Any CPU
		{A683FDBE-D702-43A0-87BF-7FFE8221E3FF}.Debug|x64.ActiveCfg = Debug|x64
		{A683FDBE-D702-43A0-87BF-7FFE8221E3FF}.Debug|x64.Build.0 = Debug|x64
		{A683FDBE-D702-43A0-87BF-7FFE8221E3FF}.Release|Any CPU.ActiveCfg = Release|Any CPU
		{A683FDBE-D702-43A0-87BF-7FFE8221E3FF}.Release|Any CPU.Build.0 = Release|Any CPU
		{A683FDBE-D702-43A0-87BF-7FFE8221E3FF}.Release|x64.ActiveCfg = Release|x64
		{A683FDBE-D702-43A0-87BF-7FFE8221E3FF}.Release|x64.Build.0 = Release|x64
	EndGlobalSection
	GlobalSection(SolutionProperties) = preSolution
		HideSolutionNode = FALSE
	EndGlobalSection
	GlobalSection(ExtensibilityGlobals) = postSolution
		SolutionGuid = {105F8840-E975-4B57-A315-4C28EEF01D1F}
	EndGlobalSection
EndGlobal
